
Microsoft Visual Studio Solution File, Format Version 12.00
# Visual Studio 15
VisualStudioVersion = 15.0.28307.1300
MinimumVisualStudioVersion = 10.0.40219.1
Project("{FAE04EC0-301F-11D3-BF4B-00C04F79EFBC}") = "lab9a", "lab9a\lab9a.csproj", "{2EC94D62-F4BC-48DA-B636-D5E9FF871567}"
EndProject
Project("{FAE04EC0-301F-11D3-BF4B-00C04F79EFBC}") = "ConsoleApp1", "ConsoleApp1\ConsoleApp1.csproj", "{2076056F-3386-4673-B287-786AEF5C187C}"
EndProject
Global
	GlobalSection(SolutionConfigurationPlatforms) = preSolution
		Debug|Any CPU = Debug|Any CPU
		Release|Any CPU = Release|Any CPU
	EndGlobalSection
	GlobalSection(ProjectConfigurationPlatforms) = postSolution
		{2EC94D62-F4BC-48DA-B636-D5E9FF871567}.Debug|Any CPU.ActiveCfg = Debug|Any CPU
		{2EC94D62-F4BC-48DA-B636-D5E9FF871567}.Debug|Any CPU.Build.0 = Debug|Any CPU
		{2EC94D62-F4BC-48DA-B636-D5E9FF871567}.Release|Any CPU.ActiveCfg = Release|Any CPU
		{2EC94D62-F4BC-48DA-B636-D5E9FF871567}.Release|Any CPU.Build.0 = Release|Any CPU
		{2076056F-3386-4673-B287-786AEF5C187C}.Debug|Any CPU.ActiveCfg = Debug|Any CPU
		{2076056F-3386-4673-B287-786AEF5C187C}.Debug|Any CPU.Build.0 = Debug|Any CPU
		{2076056F-3386-4673-B287-786AEF5C187C}.Release|Any CPU.ActiveCfg = Release|Any CPU
		{2076056F-3386-4673-B287-786AEF5C187C}.Release|Any CPU.Build.0 = Release|Any CPU
	EndGlobalSection
	GlobalSection(SolutionProperties) = preSolution
		HideSolutionNode = FALSE
	EndGlobalSection
	GlobalSection(ExtensibilityGlobals) = postSolution
		SolutionGuid = {66845DA4-C3B7-43DA-9F89-AD69DCE3D03B}
	EndGlobalSection
EndGlobal
